
Microsoft Visual Studio Solution File, Format Version 12.00
# Visual Studio 14
VisualStudioVersion = 14.0.22230.0
MinimumVisualStudioVersion = 10.0.40219.1
Project("{F184B08F-C81C-45F6-A57F-5ABD9991F28F}") = "CSVUtilities", "CSVUtilities\CSVUtilities.vbproj", "{6C00591C-01E1-4527-9977-522D8C05589A}"
EndProject
Project("{F184B08F-C81C-45F6-A57F-5ABD9991F28F}") = "CSVUtiltiesUnitTests", "CSVUtiltiesUnitTests\CSVUtiltiesUnitTests.vbproj", "{F2DEA398-24DC-46B5-8015-3E0A3FE9B41D}"
EndProject
Global
	GlobalSection(SolutionConfigurationPlatforms) = preSolution
		Debug|Any CPU = Debug|Any CPU
		Release|Any CPU = Release|Any CPU
	EndGlobalSection
	GlobalSection(ProjectConfigurationPlatforms) = postSolution
		{6C00591C-01E1-4527-9977-522D8C05589A}.Debug|Any CPU.ActiveCfg = Debug|Any CPU
		{6C00591C-01E1-4527-9977-522D8C05589A}.Debug|Any CPU.Build.0 = Debug|Any CPU
		{6C00591C-01E1-4527-9977-522D8C05589A}.Release|Any CPU.ActiveCfg = Release|Any CPU
		{6C00591C-01E1-4527-9977-522D8C05589A}.Release|Any CPU.Build.0 = Release|Any CPU
		{F2DEA398-24DC-46B5-8015-3E0A3FE9B41D}.Debug|Any CPU.ActiveCfg = Debug|Any CPU
		{F2DEA398-24DC-46B5-8015-3E0A3FE9B41D}.Debug|Any CPU.Build.0 = Debug|Any CPU
		{F2DEA398-24DC-46B5-8015-3E0A3FE9B41D}.Release|Any CPU.ActiveCfg = Release|Any CPU
		{F2DEA398-24DC-46B5-8015-3E0A3FE9B41D}.Release|Any CPU.Build.0 = Release|Any CPU
	EndGlobalSection
	GlobalSection(SolutionProperties) = preSolution
		HideSolutionNode = FALSE
	EndGlobalSection
EndGlobal
